
Microsoft Visual Studio Solution File, Format Version 12.00
# Visual Studio Version 16
VisualStudioVersion = 16.0.30717.126
MinimumVisualStudioVersion = 10.0.40219.1
Project("{888888A0-9F3D-457C-B088-3A5042F75D52}") = "snake", "snake\snake.pyproj", "{B5B1675F-3867-4932-A8C7-3E1EA665339F}"
EndProject
Global
	GlobalSection(SolutionConfigurationPlatforms) = preSolution
		Debug|Any CPU = Debug|Any CPU
		Release|Any CPU = Release|Any CPU
	EndGlobalSection
	GlobalSection(ProjectConfigurationPlatforms) = postSolution
		{B5B1675F-3867-4932-A8C7-3E1EA665339F}.Debug|Any CPU.ActiveCfg = Debug|Any CPU
		{B5B1675F-3867-4932-A8C7-3E1EA665339F}.Release|Any CPU.ActiveCfg = Release|Any CPU
	EndGlobalSection
	GlobalSection(SolutionProperties) = preSolution
		HideSolutionNode = FALSE
	EndGlobalSection
	GlobalSection(ExtensibilityGlobals) = postSolution
		SolutionGuid = {86FA309B-4C74-4EE7-B287-8F72E401EF60}
	EndGlobalSection
EndGlobal
